
Microsoft Visual Studio Solution File, Format Version 12.00
# Visual Studio Version 17
VisualStudioVersion = 17.6.33723.286
MinimumVisualStudioVersion = 10.0.40219.1
Project("{FAE04EC0-301F-11D3-BF4B-00C04F79EFBC}") = "Pneumagination", "Pneumagination.csproj", "{FDEBAC0D-5CB4-4C11-AFEC-8E3A45CA8808}"
EndProject
Global
	GlobalSection(SolutionConfigurationPlatforms) = preSolution
		Debug|Any CPU = Debug|Any CPU
		ExportDebug|Any CPU = ExportDebug|Any CPU
		ExportRelease|Any CPU = ExportRelease|Any CPU
	EndGlobalSection
	GlobalSection(ProjectConfigurationPlatforms) = postSolution
		{FDEBAC0D-5CB4-4C11-AFEC-8E3A45CA8808}.Debug|Any CPU.ActiveCfg = Debug|Any CPU
		{FDEBAC0D-5CB4-4C11-AFEC-8E3A45CA8808}.Debug|Any CPU.Build.0 = Debug|Any CPU
		{FDEBAC0D-5CB4-4C11-AFEC-8E3A45CA8808}.ExportDebug|Any CPU.ActiveCfg = ExportDebug|Any CPU
		{FDEBAC0D-5CB4-4C11-AFEC-8E3A45CA8808}.ExportDebug|Any CPU.Build.0 = ExportDebug|Any CPU
		{FDEBAC0D-5CB4-4C11-AFEC-8E3A45CA8808}.ExportRelease|Any CPU.ActiveCfg = ExportRelease|Any CPU
		{FDEBAC0D-5CB4-4C11-AFEC-8E3A45CA8808}.ExportRelease|Any CPU.Build.0 = ExportRelease|Any CPU
	EndGlobalSection
	GlobalSection(SolutionProperties) = preSolution
		HideSolutionNode = FALSE
	EndGlobalSection
	GlobalSection(ExtensibilityGlobals) = postSolution
		SolutionGuid = {B0DA89B5-0C16-48CF-BDD8-7867D0359DD3}
	EndGlobalSection
EndGlobal
